Microsoft Visual Studio Solution File, Format Version 10.00
# Visual Studio 2008

Project("{C6FB76A4-8800-4019-C98E-32C5138A110C}") = "TuioExampleProject", "Assembly-CSharp-firstpass-vs.csproj", "{D101FA55-BFB8-D05D-6B07-FE74FD0B0E12}"
EndProject
Project("{C6FB76A4-8800-4019-C98E-32C5138A110C}") = "TuioExampleProject", "Assembly-CSharp-vs.csproj", "{A970FCFF-F565-D133-956D-78E8EE5245AF}"
EndProject
Global
	GlobalSection(SolutionConfigurationPlatforms) = preSolution
		Debug|Any CPU = Debug|Any CPU
		Release|Any CPU = Release|Any CPU
	EndGlobalSection
	GlobalSection(ProjectConfigurationPlatforms) = postSolution
		{D101FA55-BFB8-D05D-6B07-FE74FD0B0E12}.Debug|Any CPU.ActiveCfg = Debug|Any CPU
		{D101FA55-BFB8-D05D-6B07-FE74FD0B0E12}.Debug|Any CPU.Build.0 = Debug|Any CPU
		{D101FA55-BFB8-D05D-6B07-FE74FD0B0E12}.Release|Any CPU.ActiveCfg = Release|Any CPU
		{D101FA55-BFB8-D05D-6B07-FE74FD0B0E12}.Release|Any CPU.Build.0 = Release|Any CPU
		{A970FCFF-F565-D133-956D-78E8EE5245AF}.Debug|Any CPU.ActiveCfg = Debug|Any CPU
		{A970FCFF-F565-D133-956D-78E8EE5245AF}.Debug|Any CPU.Build.0 = Debug|Any CPU
		{A970FCFF-F565-D133-956D-78E8EE5245AF}.Release|Any CPU.ActiveCfg = Release|Any CPU
		{A970FCFF-F565-D133-956D-78E8EE5245AF}.Release|Any CPU.Build.0 = Release|Any CPU
	EndGlobalSection
	GlobalSection(SolutionProperties) = preSolution
		HideSolutionNode = FALSE
	EndGlobalSection
	
EndGlobal
